
Microsoft Visual Studio Solution File, Format Version 12.00
# Visual Studio Version 17
VisualStudioVersion = 17.8.34408.163
MinimumVisualStudioVersion = 10.0.40219.1
Project("{FAE04EC0-301F-11D3-BF4B-00C04F79EFBC}") = "issues.server", "issues.server\issues.server.csproj", "{2D61BB63-01D3-4806-A13B-344655049FA3}"
EndProject
Global
	GlobalSection(SolutionConfigurationPlatforms) = preSolution
		Debug|Any CPU = Debug|Any CPU
		Release|Any CPU = Release|Any CPU
	EndGlobalSection
	GlobalSection(ProjectConfigurationPlatforms) = postSolution
		{2D61BB63-01D3-4806-A13B-344655049FA3}.Debug|Any CPU.ActiveCfg = Debug|Any CPU
		{2D61BB63-01D3-4806-A13B-344655049FA3}.Debug|Any CPU.Build.0 = Debug|Any CPU
		{2D61BB63-01D3-4806-A13B-344655049FA3}.Release|Any CPU.ActiveCfg = Release|Any CPU
		{2D61BB63-01D3-4806-A13B-344655049FA3}.Release|Any CPU.Build.0 = Release|Any CPU
	EndGlobalSection
	GlobalSection(SolutionProperties) = preSolution
		HideSolutionNode = FALSE
	EndGlobalSection
	GlobalSection(ExtensibilityGlobals) = postSolution
		SolutionGuid = {24C8F841-5FCB-4B2D-A7F6-01107225CDEA}
	EndGlobalSection
EndGlobal
